
Microsoft Visual Studio Solution File, Format Version 12.00
# Visual Studio Version 16
VisualStudioVersion = 16.0.30413.136
MinimumVisualStudioVersion = 10.0.40219.1
Project("{FAE04EC0-301F-11D3-BF4B-00C04F79EFBC}") = "Trip-Web", "Trip-Web\Trip-Web.csproj", "{26E3DF68-813D-440D-928B-C3E1514BC3B7}"
EndProject
Project("{FAE04EC0-301F-11D3-BF4B-00C04F79EFBC}") = "BOL", "BOL\BOL.csproj", "{55718AE3-496D-491C-B8F9-92F7CC424FF2}"
EndProject
Project("{FAE04EC0-301F-11D3-BF4B-00C04F79EFBC}") = "BLL", "BLL\BLL.csproj", "{BF7721E6-C0C4-4A1C-A6F6-6093E5F154D4}"
EndProject
Project("{FAE04EC0-301F-11D3-BF4B-00C04F79EFBC}") = "DAL", "DAL\DAL.csproj", "{26618E09-31B8-491C-8C59-DDC29D6270A6}"
EndProject
Global
	GlobalSection(SolutionConfigurationPlatforms) = preSolution
		Debug|Any CPU = Debug|Any CPU
		Release|Any CPU = Release|Any CPU
	EndGlobalSection
	GlobalSection(ProjectConfigurationPlatforms) = postSolution
		{26E3DF68-813D-440D-928B-C3E1514BC3B7}.Debug|Any CPU.ActiveCfg = Debug|Any CPU
		{26E3DF68-813D-440D-928B-C3E1514BC3B7}.Debug|Any CPU.Build.0 = Debug|Any CPU
		{26E3DF68-813D-440D-928B-C3E1514BC3B7}.Release|Any CPU.ActiveCfg = Release|Any CPU
		{26E3DF68-813D-440D-928B-C3E1514BC3B7}.Release|Any CPU.Build.0 = Release|Any CPU
		{55718AE3-496D-491C-B8F9-92F7CC424FF2}.Debug|Any CPU.ActiveCfg = Debug|Any CPU
		{55718AE3-496D-491C-B8F9-92F7CC424FF2}.Debug|Any CPU.Build.0 = Debug|Any CPU
		{55718AE3-496D-491C-B8F9-92F7CC424FF2}.Release|Any CPU.ActiveCfg = Release|Any CPU
		{55718AE3-496D-491C-B8F9-92F7CC424FF2}.Release|Any CPU.Build.0 = Release|Any CPU
		{BF7721E6-C0C4-4A1C-A6F6-6093E5F154D4}.Debug|Any CPU.ActiveCfg = Debug|Any CPU
		{BF7721E6-C0C4-4A1C-A6F6-6093E5F154D4}.Debug|Any CPU.Build.0 = Debug|Any CPU
		{BF7721E6-C0C4-4A1C-A6F6-6093E5F154D4}.Release|Any CPU.ActiveCfg = Release|Any CPU
		{BF7721E6-C0C4-4A1C-A6F6-6093E5F154D4}.Release|Any CPU.Build.0 = Release|Any CPU
		{26618E09-31B8-491C-8C59-DDC29D6270A6}.Debug|Any CPU.ActiveCfg = Debug|Any CPU
		{26618E09-31B8-491C-8C59-DDC29D6270A6}.Debug|Any CPU.Build.0 = Debug|Any CPU
		{26618E09-31B8-491C-8C59-DDC29D6270A6}.Release|Any CPU.ActiveCfg = Release|Any CPU
		{26618E09-31B8-491C-8C59-DDC29D6270A6}.Release|Any CPU.Build.0 = Release|Any CPU
	EndGlobalSection
	GlobalSection(SolutionProperties) = preSolution
		HideSolutionNode = FALSE
	EndGlobalSection
	GlobalSection(ExtensibilityGlobals) = postSolution
		SolutionGuid = {DA66DA53-D174-4E60-9472-DB3549306623}
	EndGlobalSection
EndGlobal
